
Microsoft Visual Studio Solution File, Format Version 12.00
# Visual Studio 15
Project("{FAE04EC0-301F-11D3-BF4B-00C04F79EFBC}") = "Assembly-CSharp", "Assembly-CSharp.csproj", "{BF467A39-8790-399C-B1BA-0F16D0543EC2}"
EndProject
Project("{FAE04EC0-301F-11D3-BF4B-00C04F79EFBC}") = "Oculus.VR", "Oculus.VR.csproj", "{6EC7EAE1-8749-3BFD-31BD-67307E72F03B}"
EndProject
Project("{FAE04EC0-301F-11D3-BF4B-00C04F79EFBC}") = "Assembly-CSharp-Editor", "Assembly-CSharp-Editor.csproj", "{C2669104-B345-AC94-4B69-9930823EFECA}"
EndProject
Project("{FAE04EC0-301F-11D3-BF4B-00C04F79EFBC}") = "Oculus.VR.Scripts.Editor", "Oculus.VR.Scripts.Editor.csproj", "{A9F8995F-17C6-6236-15F7-D169F9009CCA}"
EndProject
Project("{FAE04EC0-301F-11D3-BF4B-00C04F79EFBC}") = "Oculus.VR.Editor", "Oculus.VR.Editor.csproj", "{B360938D-467F-10C1-D395-1BA0CE315F68}"
EndProject
Global
	GlobalSection(SolutionConfigurationPlatforms) = preSolution
		Debug|Any CPU = Debug|Any CPU
		Release|Any CPU = Release|Any CPU
	EndGlobalSection
	GlobalSection(ProjectConfigurationPlatforms) = postSolution
		{BF467A39-8790-399C-B1BA-0F16D0543EC2}.Debug|Any CPU.ActiveCfg = Debug|Any CPU
		{BF467A39-8790-399C-B1BA-0F16D0543EC2}.Debug|Any CPU.Build.0 = Debug|Any CPU
		{BF467A39-8790-399C-B1BA-0F16D0543EC2}.Release|Any CPU.ActiveCfg = Release|Any CPU
		{BF467A39-8790-399C-B1BA-0F16D0543EC2}.Release|Any CPU.Build.0 = Release|Any CPU
		{6EC7EAE1-8749-3BFD-31BD-67307E72F03B}.Debug|Any CPU.ActiveCfg = Debug|Any CPU
		{6EC7EAE1-8749-3BFD-31BD-67307E72F03B}.Debug|Any CPU.Build.0 = Debug|Any CPU
		{6EC7EAE1-8749-3BFD-31BD-67307E72F03B}.Release|Any CPU.ActiveCfg = Release|Any CPU
		{6EC7EAE1-8749-3BFD-31BD-67307E72F03B}.Release|Any CPU.Build.0 = Release|Any CPU
		{C2669104-B345-AC94-4B69-9930823EFECA}.Debug|Any CPU.ActiveCfg = Debug|Any CPU
		{C2669104-B345-AC94-4B69-9930823EFECA}.Debug|Any CPU.Build.0 = Debug|Any CPU
		{C2669104-B345-AC94-4B69-9930823EFECA}.Release|Any CPU.ActiveCfg = Release|Any CPU
		{C2669104-B345-AC94-4B69-9930823EFECA}.Release|Any CPU.Build.0 = Release|Any CPU
		{A9F8995F-17C6-6236-15F7-D169F9009CCA}.Debug|Any CPU.ActiveCfg = Debug|Any CPU
		{A9F8995F-17C6-6236-15F7-D169F9009CCA}.Debug|Any CPU.Build.0 = Debug|Any CPU
		{A9F8995F-17C6-6236-15F7-D169F9009CCA}.Release|Any CPU.ActiveCfg = Release|Any CPU
		{A9F8995F-17C6-6236-15F7-D169F9009CCA}.Release|Any CPU.Build.0 = Release|Any CPU
		{B360938D-467F-10C1-D395-1BA0CE315F68}.Debug|Any CPU.ActiveCfg = Debug|Any CPU
		{B360938D-467F-10C1-D395-1BA0CE315F68}.Debug|Any CPU.Build.0 = Debug|Any CPU
		{B360938D-467F-10C1-D395-1BA0CE315F68}.Release|Any CPU.ActiveCfg = Release|Any CPU
		{B360938D-467F-10C1-D395-1BA0CE315F68}.Release|Any CPU.Build.0 = Release|Any CPU
	EndGlobalSection
	GlobalSection(SolutionProperties) = preSolution
		HideSolutionNode = FALSE
	EndGlobalSection
EndGlobal
